
Microsoft Visual Studio Solution File, Format Version 12.00
# Visual Studio Version 17
VisualStudioVersion = 17.2.32602.215
MinimumVisualStudioVersion = 10.0.40219.1
Project("{FAE04EC0-301F-11D3-BF4B-00C04F79EFBC}") = "PassByValue", "PassByValue.csproj", "{E2978E66-1F97-4670-BBE7-6B80465D7D0E}"
EndProject
Global
	GlobalSection(SolutionConfigurationPlatforms) = preSolution
		Debug|Any CPU = Debug|Any CPU
		Release|Any CPU = Release|Any CPU
	EndGlobalSection
	GlobalSection(ProjectConfigurationPlatforms) = postSolution
		{E2978E66-1F97-4670-BBE7-6B80465D7D0E}.Debug|Any CPU.ActiveCfg = Debug|Any CPU
		{E2978E66-1F97-4670-BBE7-6B80465D7D0E}.Debug|Any CPU.Build.0 = Debug|Any CPU
		{E2978E66-1F97-4670-BBE7-6B80465D7D0E}.Release|Any CPU.ActiveCfg = Release|Any CPU
		{E2978E66-1F97-4670-BBE7-6B80465D7D0E}.Release|Any CPU.Build.0 = Release|Any CPU
	EndGlobalSection
	GlobalSection(SolutionProperties) = preSolution
		HideSolutionNode = FALSE
	EndGlobalSection
	GlobalSection(ExtensibilityGlobals) = postSolution
		SolutionGuid = {85275330-EE7E-4AFB-B9A4-1C6209416392}
	EndGlobalSection
EndGlobal
